
Microsoft Visual Studio Solution File, Format Version 12.00
# Visual Studio Version 16
VisualStudioVersion = 16.0.31005.135
MinimumVisualStudioVersion = 10.0.40219.1
Project("{9A19103F-16F7-4668-BE54-9A1E7A4F7556}") = "StockManagement.Core", "StockManagement.Core\StockManagement.Core.csproj", "{D493869A-5D22-4D50-9B05-95DAE35A3FF5}"
EndProject
Project("{9A19103F-16F7-4668-BE54-9A1E7A4F7556}") = "StockManagement.DataAccess", "StockManagement.DataAccess\StockManagement.DataAccess.csproj", "{E344DA6E-6BFE-45E3-B435-757445D7E29B}"
EndProject
Project("{9A19103F-16F7-4668-BE54-9A1E7A4F7556}") = "StockManagement.Bussiness", "StockManagement.Bussiness\StockManagement.Bussiness.csproj", "{0A36A698-88A7-42A5-AC18-633CE6CAFF6F}"
EndProject
Project("{9A19103F-16F7-4668-BE54-9A1E7A4F7556}") = "StockManagement.Entities", "StockManagement.Entities\StockManagement.Entities.csproj", "{8E9D577D-5FE2-4DBB-8B93-701E7D3A1777}"
EndProject
Project("{9A19103F-16F7-4668-BE54-9A1E7A4F7556}") = "StockManagement.Test", "StockManagement.Test\StockManagement.Test.csproj", "{742EC72E-72AC-438B-81B4-9BF08D232128}"
EndProject
Project("{9A19103F-16F7-4668-BE54-9A1E7A4F7556}") = "StockManagement.WepApi", "StockManagement.WepApi\StockManagement.WepApi.csproj", "{4587D07C-10C6-4842-8015-728A93004A47}"
EndProject
Project("{2150E333-8FDC-42A3-9474-1A3956D46DE8}") = "Solution Items", "Solution Items", "{D192F4C5-982B-45AB-8F93-5EA60DE75007}"
	ProjectSection(SolutionItems) = preProject
		Way out.txt = Way out.txt
	EndProjectSection
EndProject
Global
	GlobalSection(SolutionConfigurationPlatforms) = preSolution
		Debug|Any CPU = Debug|Any CPU
		Release|Any CPU = Release|Any CPU
	EndGlobalSection
	GlobalSection(ProjectConfigurationPlatforms) = postSolution
		{D493869A-5D22-4D50-9B05-95DAE35A3FF5}.Debug|Any CPU.ActiveCfg = Debug|Any CPU
		{D493869A-5D22-4D50-9B05-95DAE35A3FF5}.Debug|Any CPU.Build.0 = Debug|Any CPU
		{D493869A-5D22-4D50-9B05-95DAE35A3FF5}.Release|Any CPU.ActiveCfg = Release|Any CPU
		{D493869A-5D22-4D50-9B05-95DAE35A3FF5}.Release|Any CPU.Build.0 = Release|Any CPU
		{E344DA6E-6BFE-45E3-B435-757445D7E29B}.Debug|Any CPU.ActiveCfg = Debug|Any CPU
		{E344DA6E-6BFE-45E3-B435-757445D7E29B}.Debug|Any CPU.Build.0 = Debug|Any CPU
		{E344DA6E-6BFE-45E3-B435-757445D7E29B}.Release|Any CPU.ActiveCfg = Release|Any CPU
		{E344DA6E-6BFE-45E3-B435-757445D7E29B}.Release|Any CPU.Build.0 = Release|Any CPU
		{0A36A698-88A7-42A5-AC18-633CE6CAFF6F}.Debug|Any CPU.ActiveCfg = Debug|Any CPU
		{0A36A698-88A7-42A5-AC18-633CE6CAFF6F}.Debug|Any CPU.Build.0 = Debug|Any CPU
		{0A36A698-88A7-42A5-AC18-633CE6CAFF6F}.Release|Any CPU.ActiveCfg = Release|Any CPU
		{0A36A698-88A7-42A5-AC18-633CE6CAFF6F}.Release|Any CPU.Build.0 = Release|Any CPU
		{8E9D577D-5FE2-4DBB-8B93-701E7D3A1777}.Debug|Any CPU.ActiveCfg = Debug|Any CPU
		{8E9D577D-5FE2-4DBB-8B93-701E7D3A1777}.Debug|Any CPU.Build.0 = Debug|Any CPU
		{8E9D577D-5FE2-4DBB-8B93-701E7D3A1777}.Release|Any CPU.ActiveCfg = Release|Any CPU
		{8E9D577D-5FE2-4DBB-8B93-701E7D3A1777}.Release|Any CPU.Build.0 = Release|Any CPU
		{742EC72E-72AC-438B-81B4-9BF08D232128}.Debug|Any CPU.ActiveCfg = Debug|Any CPU
		{742EC72E-72AC-438B-81B4-9BF08D232128}.Debug|Any CPU.Build.0 = Debug|Any CPU
		{742EC72E-72AC-438B-81B4-9BF08D232128}.Release|Any CPU.ActiveCfg = Release|Any CPU
		{742EC72E-72AC-438B-81B4-9BF08D232128}.Release|Any CPU.Build.0 = Release|Any CPU
		{4587D07C-10C6-4842-8015-728A93004A47}.Debug|Any CPU.ActiveCfg = Debug|Any CPU
		{4587D07C-10C6-4842-8015-728A93004A47}.Debug|Any CPU.Build.0 = Debug|Any CPU
		{4587D07C-10C6-4842-8015-728A93004A47}.Release|Any CPU.ActiveCfg = Release|Any CPU
		{4587D07C-10C6-4842-8015-728A93004A47}.Release|Any CPU.Build.0 = Release|Any CPU
	EndGlobalSection
	GlobalSection(SolutionProperties) = preSolution
		HideSolutionNode = FALSE
	EndGlobalSection
	GlobalSection(ExtensibilityGlobals) = postSolution
		SolutionGuid = {BEB46A74-4ABE-4D8A-AE84-6E71CBF8E9DB}
	EndGlobalSection
EndGlobal
